
Microsoft Visual Studio Solution File, Format Version 11.00
# Visual Studio 2010
Project("{FAE04EC0-301F-11D3-BF4B-00C04F79EFBC}") = "ME_Batch", "ME_Batch.csproj", "{EA49C359-89EE-48D9-8372-C21E154DB138}"
EndProject
Global
	GlobalSection(SolutionConfigurationPlatforms) = preSolution
		Debug|Any CPU = Debug|Any CPU
		Release|Any CPU = Release|Any CPU
	EndGlobalSection
	GlobalSection(ProjectConfigurationPlatforms) = postSolution
		{EA49C359-89EE-48D9-8372-C21E154DB138}.Debug|Any CPU.ActiveCfg = Debug|Any CPU
		{EA49C359-89EE-48D9-8372-C21E154DB138}.Debug|Any CPU.Build.0 = Debug|Any CPU
		{EA49C359-89EE-48D9-8372-C21E154DB138}.Release|Any CPU.ActiveCfg = Release|Any CPU
		{EA49C359-89EE-48D9-8372-C21E154DB138}.Release|Any CPU.Build.0 = Release|Any CPU
	EndGlobalSection
	GlobalSection(SolutionProperties) = preSolution
		HideSolutionNode = FALSE
	EndGlobalSection
EndGlobal
